
Microsoft Visual Studio Solution File, Format Version 12.00
# Visual Studio Version 16
VisualStudioVersion = 16.0.30320.27
MinimumVisualStudioVersion = 10.0.40219.1
Project("{FAE04EC0-301F-11D3-BF4B-00C04F79EFBC}") = "SistemaASEControl", "SistemaASEControl\SistemaASEControl.csproj", "{629705FE-DA8B-4084-A812-4E780D409DB7}"
EndProject
Project("{FAE04EC0-301F-11D3-BF4B-00C04F79EFBC}") = "Consola", "Consola\Consola.csproj", "{2D6EC00F-DF86-40F9-8FE1-CA2BF344EE33}"
EndProject
Project("{FAE04EC0-301F-11D3-BF4B-00C04F79EFBC}") = "DAL", "DAL\DAL.csproj", "{AD7B7BA9-BBDD-40DA-A8A9-3FC05D9CAC0A}"
EndProject
Project("{FAE04EC0-301F-11D3-BF4B-00C04F79EFBC}") = "BLL", "BLL\BLL.csproj", "{12817987-93D1-4F15-ADC4-CFCDFDAF7B4A}"
EndProject
Project("{FAE04EC0-301F-11D3-BF4B-00C04F79EFBC}") = "API_Proyecto", "API_Proyecto\API_Proyecto\API_Proyecto.csproj", "{AD2C5BB3-F088-4CF9-848E-41A3E44D0672}"
EndProject
Global
	GlobalSection(SolutionConfigurationPlatforms) = preSolution
		Debug|Any CPU = Debug|Any CPU
		Release|Any CPU = Release|Any CPU
	EndGlobalSection
	GlobalSection(ProjectConfigurationPlatforms) = postSolution
		{629705FE-DA8B-4084-A812-4E780D409DB7}.Debug|Any CPU.ActiveCfg = Debug|Any CPU
		{629705FE-DA8B-4084-A812-4E780D409DB7}.Debug|Any CPU.Build.0 = Debug|Any CPU
		{629705FE-DA8B-4084-A812-4E780D409DB7}.Release|Any CPU.ActiveCfg = Release|Any CPU
		{629705FE-DA8B-4084-A812-4E780D409DB7}.Release|Any CPU.Build.0 = Release|Any CPU
		{2D6EC00F-DF86-40F9-8FE1-CA2BF344EE33}.Debug|Any CPU.ActiveCfg = Debug|Any CPU
		{2D6EC00F-DF86-40F9-8FE1-CA2BF344EE33}.Debug|Any CPU.Build.0 = Debug|Any CPU
		{2D6EC00F-DF86-40F9-8FE1-CA2BF344EE33}.Release|Any CPU.ActiveCfg = Release|Any CPU
		{2D6EC00F-DF86-40F9-8FE1-CA2BF344EE33}.Release|Any CPU.Build.0 = Release|Any CPU
		{AD7B7BA9-BBDD-40DA-A8A9-3FC05D9CAC0A}.Debug|Any CPU.ActiveCfg = Debug|Any CPU
		{AD7B7BA9-BBDD-40DA-A8A9-3FC05D9CAC0A}.Debug|Any CPU.Build.0 = Debug|Any CPU
		{AD7B7BA9-BBDD-40DA-A8A9-3FC05D9CAC0A}.Release|Any CPU.ActiveCfg = Release|Any CPU
		{AD7B7BA9-BBDD-40DA-A8A9-3FC05D9CAC0A}.Release|Any CPU.Build.0 = Release|Any CPU
		{12817987-93D1-4F15-ADC4-CFCDFDAF7B4A}.Debug|Any CPU.ActiveCfg = Debug|Any CPU
		{12817987-93D1-4F15-ADC4-CFCDFDAF7B4A}.Debug|Any CPU.Build.0 = Debug|Any CPU
		{12817987-93D1-4F15-ADC4-CFCDFDAF7B4A}.Release|Any CPU.ActiveCfg = Release|Any CPU
		{12817987-93D1-4F15-ADC4-CFCDFDAF7B4A}.Release|Any CPU.Build.0 = Release|Any CPU
		{AD2C5BB3-F088-4CF9-848E-41A3E44D0672}.Debug|Any CPU.ActiveCfg = Debug|Any CPU
		{AD2C5BB3-F088-4CF9-848E-41A3E44D0672}.Debug|Any CPU.Build.0 = Debug|Any CPU
		{AD2C5BB3-F088-4CF9-848E-41A3E44D0672}.Release|Any CPU.ActiveCfg = Release|Any CPU
		{AD2C5BB3-F088-4CF9-848E-41A3E44D0672}.Release|Any CPU.Build.0 = Release|Any CPU
	EndGlobalSection
	GlobalSection(SolutionProperties) = preSolution
		HideSolutionNode = FALSE
	EndGlobalSection
	GlobalSection(ExtensibilityGlobals) = postSolution
		SolutionGuid = {94A1F29D-0DC8-4FCA-968E-002176DAD651}
	EndGlobalSection
EndGlobal
